
Microsoft Visual Studio Solution File, Format Version 12.00
# Visual Studio Version 17
VisualStudioVersion = 17.8.34525.116
MinimumVisualStudioVersion = 10.0.40219.1
Project("{FAE04EC0-301F-11D3-BF4B-00C04F79EFBC}") = "BlogWeb.MVCUI", "BlogWeb.MVCUI\BlogWeb.MVCUI.csproj", "{27AD3E4B-B4DB-4FC2-9BC0-BD3E6C78E254}"
EndProject
Project("{FAE04EC0-301F-11D3-BF4B-00C04F79EFBC}") = "Blog.Api", "Blog.Api\Blog.Api.csproj", "{8A3C3653-EF2F-4A35-B6E2-B45C319C014D}"
EndProject
Project("{FAE04EC0-301F-11D3-BF4B-00C04F79EFBC}") = "Blog.BL", "Blog.BL\Blog.BL.csproj", "{3CD8B854-33D0-4078-9E06-2064D56E3117}"
EndProject
Project("{FAE04EC0-301F-11D3-BF4B-00C04F79EFBC}") = "Blog.DAL", "Blog.DAL\Blog.DAL.csproj", "{ED00B559-5E2B-4B15-BC05-FAE5AC2A93CA}"
EndProject
Project("{FAE04EC0-301F-11D3-BF4B-00C04F79EFBC}") = "Blog.Entities", "Blog.Entities\Blog.Entities.csproj", "{ADF4779D-64C5-4CF6-95D1-34E20B69642F}"
EndProject
Global
	GlobalSection(SolutionConfigurationPlatforms) = preSolution
		Debug|Any CPU = Debug|Any CPU
		Release|Any CPU = Release|Any CPU
	EndGlobalSection
	GlobalSection(ProjectConfigurationPlatforms) = postSolution
		{27AD3E4B-B4DB-4FC2-9BC0-BD3E6C78E254}.Debug|Any CPU.ActiveCfg = Debug|Any CPU
		{27AD3E4B-B4DB-4FC2-9BC0-BD3E6C78E254}.Debug|Any CPU.Build.0 = Debug|Any CPU
		{27AD3E4B-B4DB-4FC2-9BC0-BD3E6C78E254}.Release|Any CPU.ActiveCfg = Release|Any CPU
		{27AD3E4B-B4DB-4FC2-9BC0-BD3E6C78E254}.Release|Any CPU.Build.0 = Release|Any CPU
		{8A3C3653-EF2F-4A35-B6E2-B45C319C014D}.Debug|Any CPU.ActiveCfg = Debug|Any CPU
		{8A3C3653-EF2F-4A35-B6E2-B45C319C014D}.Debug|Any CPU.Build.0 = Debug|Any CPU
		{8A3C3653-EF2F-4A35-B6E2-B45C319C014D}.Release|Any CPU.ActiveCfg = Release|Any CPU
		{8A3C3653-EF2F-4A35-B6E2-B45C319C014D}.Release|Any CPU.Build.0 = Release|Any CPU
		{3CD8B854-33D0-4078-9E06-2064D56E3117}.Debug|Any CPU.ActiveCfg = Debug|Any CPU
		{3CD8B854-33D0-4078-9E06-2064D56E3117}.Debug|Any CPU.Build.0 = Debug|Any CPU
		{3CD8B854-33D0-4078-9E06-2064D56E3117}.Release|Any CPU.ActiveCfg = Release|Any CPU
		{3CD8B854-33D0-4078-9E06-2064D56E3117}.Release|Any CPU.Build.0 = Release|Any CPU
		{ED00B559-5E2B-4B15-BC05-FAE5AC2A93CA}.Debug|Any CPU.ActiveCfg = Debug|Any CPU
		{ED00B559-5E2B-4B15-BC05-FAE5AC2A93CA}.Debug|Any CPU.Build.0 = Debug|Any CPU
		{ED00B559-5E2B-4B15-BC05-FAE5AC2A93CA}.Release|Any CPU.ActiveCfg = Release|Any CPU
		{ED00B559-5E2B-4B15-BC05-FAE5AC2A93CA}.Release|Any CPU.Build.0 = Release|Any CPU
		{ADF4779D-64C5-4CF6-95D1-34E20B69642F}.Debug|Any CPU.ActiveCfg = Debug|Any CPU
		{ADF4779D-64C5-4CF6-95D1-34E20B69642F}.Debug|Any CPU.Build.0 = Debug|Any CPU
		{ADF4779D-64C5-4CF6-95D1-34E20B69642F}.Release|Any CPU.ActiveCfg = Release|Any CPU
		{ADF4779D-64C5-4CF6-95D1-34E20B69642F}.Release|Any CPU.Build.0 = Release|Any CPU
	EndGlobalSection
	GlobalSection(SolutionProperties) = preSolution
		HideSolutionNode = FALSE
	EndGlobalSection
	GlobalSection(ExtensibilityGlobals) = postSolution
		SolutionGuid = {A30AACDA-E213-449A-A236-3DB794DDACE4}
	EndGlobalSection
EndGlobal
